
Microsoft Visual Studio Solution File, Format Version 12.00
# Visual Studio Version 16
VisualStudioVersion = 16.0.29519.87
MinimumVisualStudioVersion = 10.0.40219.1
Project("{FAE04EC0-301F-11D3-BF4B-00C04F79EFBC}") = "PokeList2.Android", "PokeList2\PokeList2.Android\PokeList2.Android.csproj", "{EF043FF1-F8C0-47EB-9E70-7CE35B2013A4}"
EndProject
Project("{FAE04EC0-301F-11D3-BF4B-00C04F79EFBC}") = "PokeList2", "PokeList2\PokeList2\PokeList2.csproj", "{0F456638-D4E7-4E74-82CF-8B939C842D57}"
EndProject
Global
	GlobalSection(SolutionConfigurationPlatforms) = preSolution
		Debug|Any CPU = Debug|Any CPU
		Release|Any CPU = Release|Any CPU
	EndGlobalSection
	GlobalSection(ProjectConfigurationPlatforms) = postSolution
		{EF043FF1-F8C0-47EB-9E70-7CE35B2013A4}.Debug|Any CPU.ActiveCfg = Debug|Any CPU
		{EF043FF1-F8C0-47EB-9E70-7CE35B2013A4}.Debug|Any CPU.Build.0 = Debug|Any CPU
		{EF043FF1-F8C0-47EB-9E70-7CE35B2013A4}.Debug|Any CPU.Deploy.0 = Debug|Any CPU
		{EF043FF1-F8C0-47EB-9E70-7CE35B2013A4}.Release|Any CPU.ActiveCfg = Release|Any CPU
		{EF043FF1-F8C0-47EB-9E70-7CE35B2013A4}.Release|Any CPU.Build.0 = Release|Any CPU
		{EF043FF1-F8C0-47EB-9E70-7CE35B2013A4}.Release|Any CPU.Deploy.0 = Release|Any CPU
		{0F456638-D4E7-4E74-82CF-8B939C842D57}.Debug|Any CPU.ActiveCfg = Debug|Any CPU
		{0F456638-D4E7-4E74-82CF-8B939C842D57}.Debug|Any CPU.Build.0 = Debug|Any CPU
		{0F456638-D4E7-4E74-82CF-8B939C842D57}.Debug|Any CPU.Deploy.0 = Debug|Any CPU
		{0F456638-D4E7-4E74-82CF-8B939C842D57}.Release|Any CPU.ActiveCfg = Release|Any CPU
		{0F456638-D4E7-4E74-82CF-8B939C842D57}.Release|Any CPU.Build.0 = Release|Any CPU
		{0F456638-D4E7-4E74-82CF-8B939C842D57}.Release|Any CPU.Deploy.0 = Release|Any CPU
	EndGlobalSection
	GlobalSection(SolutionProperties) = preSolution
		HideSolutionNode = FALSE
	EndGlobalSection
	GlobalSection(ExtensibilityGlobals) = postSolution
		SolutionGuid = {B5D9FDB7-78CD-4295-A965-2A782B1353A5}
	EndGlobalSection
EndGlobal
